
Microsoft Visual Studio Solution File, Format Version 12.00
# Visual Studio Version 16
VisualStudioVersion = 16.0.30621.155
MinimumVisualStudioVersion = 10.0.40219.1
Project("{FAE04EC0-301F-11D3-BF4B-00C04F79EFBC}") = "Task1.1", "Task1.1\Task1.1.csproj", "{5395024F-3ECA-439B-A61D-797C31DBAD29}"
EndProject
Project("{FAE04EC0-301F-11D3-BF4B-00C04F79EFBC}") = "Task1.2", "Task1.2\Task1.2.csproj", "{C61AAE0B-2665-40CD-B614-26C2E75B1EC4}"
EndProject
Project("{FAE04EC0-301F-11D3-BF4B-00C04F79EFBC}") = "Task1.3", "Task1.3\Task1.3.csproj", "{95530A6E-B736-4EF9-97DB-D5D09F6D36E5}"
EndProject
Project("{FAE04EC0-301F-11D3-BF4B-00C04F79EFBC}") = "Task1.4", "Task1.4\Task1.4.csproj", "{F769A55F-ED00-4565-AFEF-71E04D973863}"
EndProject
Project("{FAE04EC0-301F-11D3-BF4B-00C04F79EFBC}") = "Task2.1", "Task2.1\Task2.1.csproj", "{A1CFA332-F15B-438D-B1B6-DF7D1EAB8D84}"
EndProject
Project("{FAE04EC0-301F-11D3-BF4B-00C04F79EFBC}") = "Task2.2", "Task2.2\Task2.2.csproj", "{476DA154-2043-4EE9-BF4A-CECB554FB3CD}"
EndProject
Project("{FAE04EC0-301F-11D3-BF4B-00C04F79EFBC}") = "Task2.3", "Task2.3\Task2.3.csproj", "{5501E7A5-6523-437E-AA5C-4464A25599A9}"
EndProject
Project("{FAE04EC0-301F-11D3-BF4B-00C04F79EFBC}") = "Task2.4", "Task2.4\Task2.4.csproj", "{5B226944-15D2-474E-B291-CFCA2F0D43A4}"
EndProject
Project("{FAE04EC0-301F-11D3-BF4B-00C04F79EFBC}") = "Task3", "Task3\Task3.csproj", "{6FA7835A-8B1A-4BE1-9F25-91C73FABA491}"
EndProject
Global
	GlobalSection(SolutionConfigurationPlatforms) = preSolution
		Debug|Any CPU = Debug|Any CPU
		Release|Any CPU = Release|Any CPU
	EndGlobalSection
	GlobalSection(ProjectConfigurationPlatforms) = postSolution
		{5395024F-3ECA-439B-A61D-797C31DBAD29}.Debug|Any CPU.ActiveCfg = Debug|Any CPU
		{5395024F-3ECA-439B-A61D-797C31DBAD29}.Debug|Any CPU.Build.0 = Debug|Any CPU
		{5395024F-3ECA-439B-A61D-797C31DBAD29}.Release|Any CPU.ActiveCfg = Release|Any CPU
		{5395024F-3ECA-439B-A61D-797C31DBAD29}.Release|Any CPU.Build.0 = Release|Any CPU
		{C61AAE0B-2665-40CD-B614-26C2E75B1EC4}.Debug|Any CPU.ActiveCfg = Debug|Any CPU
		{C61AAE0B-2665-40CD-B614-26C2E75B1EC4}.Debug|Any CPU.Build.0 = Debug|Any CPU
		{C61AAE0B-2665-40CD-B614-26C2E75B1EC4}.Release|Any CPU.ActiveCfg = Release|Any CPU
		{C61AAE0B-2665-40CD-B614-26C2E75B1EC4}.Release|Any CPU.Build.0 = Release|Any CPU
		{95530A6E-B736-4EF9-97DB-D5D09F6D36E5}.Debug|Any CPU.ActiveCfg = Debug|Any CPU
		{95530A6E-B736-4EF9-97DB-D5D09F6D36E5}.Debug|Any CPU.Build.0 = Debug|Any CPU
		{95530A6E-B736-4EF9-97DB-D5D09F6D36E5}.Release|Any CPU.ActiveCfg = Release|Any CPU
		{95530A6E-B736-4EF9-97DB-D5D09F6D36E5}.Release|Any CPU.Build.0 = Release|Any CPU
		{F769A55F-ED00-4565-AFEF-71E04D973863}.Debug|Any CPU.ActiveCfg = Debug|Any CPU
		{F769A55F-ED00-4565-AFEF-71E04D973863}.Debug|Any CPU.Build.0 = Debug|Any CPU
		{F769A55F-ED00-4565-AFEF-71E04D973863}.Release|Any CPU.ActiveCfg = Release|Any CPU
		{F769A55F-ED00-4565-AFEF-71E04D973863}.Release|Any CPU.Build.0 = Release|Any CPU
		{A1CFA332-F15B-438D-B1B6-DF7D1EAB8D84}.Debug|Any CPU.ActiveCfg = Debug|Any CPU
		{A1CFA332-F15B-438D-B1B6-DF7D1EAB8D84}.Debug|Any CPU.Build.0 = Debug|Any CPU
		{A1CFA332-F15B-438D-B1B6-DF7D1EAB8D84}.Release|Any CPU.ActiveCfg = Release|Any CPU
		{A1CFA332-F15B-438D-B1B6-DF7D1EAB8D84}.Release|Any CPU.Build.0 = Release|Any CPU
		{476DA154-2043-4EE9-BF4A-CECB554FB3CD}.Debug|Any CPU.ActiveCfg = Debug|Any CPU
		{476DA154-2043-4EE9-BF4A-CECB554FB3CD}.Debug|Any CPU.Build.0 = Debug|Any CPU
		{476DA154-2043-4EE9-BF4A-CECB554FB3CD}.Release|Any CPU.ActiveCfg = Release|Any CPU
		{476DA154-2043-4EE9-BF4A-CECB554FB3CD}.Release|Any CPU.Build.0 = Release|Any CPU
		{5501E7A5-6523-437E-AA5C-4464A25599A9}.Debug|Any CPU.ActiveCfg = Debug|Any CPU
		{5501E7A5-6523-437E-AA5C-4464A25599A9}.Debug|Any CPU.Build.0 = Debug|Any CPU
		{5501E7A5-6523-437E-AA5C-4464A25599A9}.Release|Any CPU.ActiveCfg = Release|Any CPU
		{5501E7A5-6523-437E-AA5C-4464A25599A9}.Release|Any CPU.Build.0 = Release|Any CPU
		{5B226944-15D2-474E-B291-CFCA2F0D43A4}.Debug|Any CPU.ActiveCfg = Debug|Any CPU
		{5B226944-15D2-474E-B291-CFCA2F0D43A4}.Debug|Any CPU.Build.0 = Debug|Any CPU
		{5B226944-15D2-474E-B291-CFCA2F0D43A4}.Release|Any CPU.ActiveCfg = Release|Any CPU
		{5B226944-15D2-474E-B291-CFCA2F0D43A4}.Release|Any CPU.Build.0 = Release|Any CPU
		{6FA7835A-8B1A-4BE1-9F25-91C73FABA491}.Debug|Any CPU.ActiveCfg = Debug|Any CPU
		{6FA7835A-8B1A-4BE1-9F25-91C73FABA491}.Debug|Any CPU.Build.0 = Debug|Any CPU
		{6FA7835A-8B1A-4BE1-9F25-91C73FABA491}.Release|Any CPU.ActiveCfg = Release|Any CPU
		{6FA7835A-8B1A-4BE1-9F25-91C73FABA491}.Release|Any CPU.Build.0 = Release|Any CPU
	EndGlobalSection
	GlobalSection(SolutionProperties) = preSolution
		HideSolutionNode = FALSE
	EndGlobalSection
	GlobalSection(ExtensibilityGlobals) = postSolution
		SolutionGuid = {0808BAE9-8D4B-4502-9E2B-5E8D083065EC}
	EndGlobalSection
EndGlobal
