
Microsoft Visual Studio Solution File, Format Version 12.00
# Visual Studio Version 16
VisualStudioVersion = 16.0.30804.86
MinimumVisualStudioVersion = 10.0.40219.1
Project("{FAE04EC0-301F-11D3-BF4B-00C04F79EFBC}") = "Task_1", "Task_1\Task_1.csproj", "{6BC2F9A4-BB78-4537-B9F3-037F8EFC2157}"
EndProject
Project("{FAE04EC0-301F-11D3-BF4B-00C04F79EFBC}") = "Task_2", "Task_2\Task_2.csproj", "{B3465D44-8F63-4366-9163-C055B5DD1955}"
EndProject
Project("{FAE04EC0-301F-11D3-BF4B-00C04F79EFBC}") = "Task_3", "Task_3\Task_3.csproj", "{C2734852-B7FA-44B5-941A-73ACFDE0BDA9}"
EndProject
Global
	GlobalSection(SolutionConfigurationPlatforms) = preSolution
		Debug|Any CPU = Debug|Any CPU
		Release|Any CPU = Release|Any CPU
	EndGlobalSection
	GlobalSection(ProjectConfigurationPlatforms) = postSolution
		{6BC2F9A4-BB78-4537-B9F3-037F8EFC2157}.Debug|Any CPU.ActiveCfg = Debug|Any CPU
		{6BC2F9A4-BB78-4537-B9F3-037F8EFC2157}.Debug|Any CPU.Build.0 = Debug|Any CPU
		{6BC2F9A4-BB78-4537-B9F3-037F8EFC2157}.Release|Any CPU.ActiveCfg = Release|Any CPU
		{6BC2F9A4-BB78-4537-B9F3-037F8EFC2157}.Release|Any CPU.Build.0 = Release|Any CPU
		{B3465D44-8F63-4366-9163-C055B5DD1955}.Debug|Any CPU.ActiveCfg = Debug|Any CPU
		{B3465D44-8F63-4366-9163-C055B5DD1955}.Debug|Any CPU.Build.0 = Debug|Any CPU
		{B3465D44-8F63-4366-9163-C055B5DD1955}.Release|Any CPU.ActiveCfg = Release|Any CPU
		{B3465D44-8F63-4366-9163-C055B5DD1955}.Release|Any CPU.Build.0 = Release|Any CPU
		{C2734852-B7FA-44B5-941A-73ACFDE0BDA9}.Debug|Any CPU.ActiveCfg = Debug|Any CPU
		{C2734852-B7FA-44B5-941A-73ACFDE0BDA9}.Debug|Any CPU.Build.0 = Debug|Any CPU
		{C2734852-B7FA-44B5-941A-73ACFDE0BDA9}.Release|Any CPU.ActiveCfg = Release|Any CPU
		{C2734852-B7FA-44B5-941A-73ACFDE0BDA9}.Release|Any CPU.Build.0 = Release|Any CPU
	EndGlobalSection
	GlobalSection(SolutionProperties) = preSolution
		HideSolutionNode = FALSE
	EndGlobalSection
	GlobalSection(ExtensibilityGlobals) = postSolution
		SolutionGuid = {E609593A-3351-4BB5-9CA5-E0E0530ED4DE}
	EndGlobalSection
EndGlobal
